{
  "object": {
    "pins": [
      {
        "package": "TrackerSDKv2",
        "repositoryURL": "git@github.com:ChrisKlimpke/TrackerSDKv2.git",
        "state": {
          "branch": null,
          "revision": "5207b73c4ffae7b222d23b97a73f02b45d1e0b4d",
          "version": "1.1.4"
        }
      }
    ]
  },
  "version": 1
}
