{
  "object": {
    "pins": [
      {
        "package": "TrackerSDKv2",
        "repositoryURL": "git@github.com:ChrisKlimpke/TrackerSDKv2.git",
        "state": {
          "branch": null,
          "revision": "487806125ea624124dea65afa7b64ad5eaa6af6b",
          "version": "1.0.6"
        }
      }
    ]
  },
  "version": 1
}
